// !$*UTF8*$!
{
	archiveVersion = 1;
	classes = {
	};
	objectVersion = 56;
	objects = {

/* Begin PBXBuildFile section */
		EEBEA0DE290EF3220028CD9E /* LivePreview.swift in Sources */ = {isa = PBXBuildFile; fileRef = EEBEA0DD290EF3220028CD9E /* LivePreview.swift */; };
		EED51F71290F488D0002F6F1 /* BaseView.swift in Sources */ = {isa = PBXBuildFile; fileRef = EED51F70290F488C0002F6F1 /* BaseView.swift */; };
		EED51F73290F48AF0002F6F1 /* CustomView.swift in Sources */ = {isa = PBXBuildFile; fileRef = EED51F72290F48AF0002F6F1 /* CustomView.swift */; };
		EED51F77290F4A7B0002F6F1 /* HomeUiView.swift in Sources */ = {isa = PBXBuildFile; fileRef = EED51F76290F4A7B0002F6F1 /* HomeUiView.swift */; };
		EED51F7A290F5A5E0002F6F1 /* HomeViewController.swift in Sources */ = {isa = PBXBuildFile; fileRef = EED51F79290F5A5E0002F6F1 /* HomeViewController.swift */; };
		EED51F7C290F60070002F6F1 /* Coordinator.swift in Sources */ = {isa = PBXBuildFile; fileRef = EED51F7B290F60070002F6F1 /* Coordinator.swift */; };
		EED51F7E290F601F0002F6F1 /* MainCoordinator.swift in Sources */ = {isa = PBXBuildFile; fileRef = EED51F7D290F601F0002F6F1 /* MainCoordinator.swift */; };
		EED5B2A7290E204500B56DE8 /* AppDelegate.swift in Sources */ = {isa = PBXBuildFile; fileRef = EED5B2A6290E204500B56DE8 /* AppDelegate.swift */; };
		EED5B2A9290E204500B56DE8 /* SceneDelegate.swift in Sources */ = {isa = PBXBuildFile; fileRef = EED5B2A8290E204500B56DE8 /* SceneDelegate.swift */; };
		EED5B2B0290E204600B56DE8 /* Assets.xcassets in Resources */ = {isa = PBXBuildFile; fileRef = EED5B2AF290E204600B56DE8 /* Assets.xcassets */; };
		EED5B2B3290E204600B56DE8 /* LaunchScreen.storyboard in Resources */ = {isa = PBXBuildFile; fileRef = EED5B2B1290E204600B56DE8 /* LaunchScreen.storyboard */; };
/* End PBXBuildFile section */

/* Begin PBXFileReference section */
		EEBEA0DD290EF3220028CD9E /* LivePreview.swift */ = {isa = PBXFileReference; lastKnownFileType = sourcecode.swift; path = LivePreview.swift; sourceTree = "<group>"; };
		EED51F70290F488C0002F6F1 /* BaseView.swift */ = {isa = PBXFileReference; lastKnownFileType = sourcecode.swift; path = BaseView.swift; sourceTree = "<group>"; };
		EED51F72290F48AF0002F6F1 /* CustomView.swift */ = {isa = PBXFileReference; lastKnownFileType = sourcecode.swift; path = CustomView.swift; sourceTree = "<group>"; };
		EED51F76290F4A7B0002F6F1 /* HomeUiView.swift */ = {isa = PBXFileReference; lastKnownFileType = sourcecode.swift; path = HomeUiView.swift; sourceTree = "<group>"; };
		EED51F79290F5A5E0002F6F1 /* HomeViewController.swift */ = {isa = PBXFileReference; lastKnownFileType = sourcecode.swift; path = HomeViewController.swift; sourceTree = "<group>"; };
		EED51F7B290F60070002F6F1 /* Coordinator.swift */ = {isa = PBXFileReference; lastKnownFileType = sourcecode.swift; path = Coordinator.swift; sourceTree = "<group>"; };
		EED51F7D290F601F0002F6F1 /* MainCoordinator.swift */ = {isa = PBXFileReference; lastKnownFileType = sourcecode.swift; path = MainCoordinator.swift; sourceTree = "<group>"; };
		EED51F7F290F60BF0002F6F1 /* Questions.md */ = {isa = PBXFileReference; lastKnownFileType = net.daringfireball.markdown; path = Questions.md; sourceTree = "<group>"; };
		EED5B2A3290E204500B56DE8 /* Movios.app */ = {isa = PBXFileReference; explicitFileType = wrapper.application; includeInIndex = 0; path = Movios.app; sourceTree = BUILT_PRODUCTS_DIR; };
		EED5B2A6290E204500B56DE8 /* AppDelegate.swift */ = {isa = PBXFileReference; lastKnownFileType = sourcecode.swift; path = AppDelegate.swift; sourceTree = "<group>"; };
		EED5B2A8290E204500B56DE8 /* SceneDelegate.swift */ = {isa = PBXFileReference; lastKnownFileType = sourcecode.swift; path = SceneDelegate.swift; sourceTree = "<group>"; };
		EED5B2AF290E204600B56DE8 /* Assets.xcassets */ = {isa = PBXFileReference; lastKnownFileType = folder.assetcatalog; path = Assets.xcassets; sourceTree = "<group>"; };
		EED5B2B2290E204600B56DE8 /* Base */ = {isa = PBXFileReference; lastKnownFileType = file.storyboard; name = Base; path = Base.lproj/LaunchScreen.storyboard; sourceTree = "<group>"; };
		EED5B2B4290E204600B56DE8 /* Info.plist */ = {isa = PBXFileReference; lastKnownFileType = text.plist.xml; path = Info.plist; sourceTree = "<group>"; };
/* End PBXFileReference section */

/* Begin PBXFrameworksBuildPhase section */
		EED5B2A0290E204500B56DE8 /* Frameworks */ = {
			isa = PBXFrameworksBuildPhase;
			buildActionMask = 2147483647;
			files = (
			);
			runOnlyForDeploymentPostprocessing = 0;
		};
/* End PBXFrameworksBuildPhase section */

/* Begin PBXGroup section */
		EEBEA0D6290EE65E0028CD9E /* MVVM-C */ = {
			isa = PBXGroup;
			children = (
				EEBEA0D7290EE66C0028CD9E /* Model */,
				EEBEA0D8290EE6770028CD9E /* Views */,
				EEBEA0D9290EE6850028CD9E /* ViewsModel */,
				EEBEA0DA290EE6900028CD9E /* Coordinators */,
			);
			path = "MVVM-C";
			sourceTree = "<group>";
		};
		EEBEA0D7290EE66C0028CD9E /* Model */ = {
			isa = PBXGroup;
			children = (
			);
			path = Model;
			sourceTree = "<group>";
		};
		EEBEA0D8290EE6770028CD9E /* Views */ = {
			isa = PBXGroup;
			children = (
				EEBEA0E0290EF51F0028CD9E /* View */,
				EEBEA0DF290EF5130028CD9E /* Controller */,
			);
			path = Views;
			sourceTree = "<group>";
		};
		EEBEA0D9290EE6850028CD9E /* ViewsModel */ = {
			isa = PBXGroup;
			children = (
			);
			path = ViewsModel;
			sourceTree = "<group>";
		};
		EEBEA0DA290EE6900028CD9E /* Coordinators */ = {
			isa = PBXGroup;
			children = (
				EED51F7B290F60070002F6F1 /* Coordinator.swift */,
				EED51F7D290F601F0002F6F1 /* MainCoordinator.swift */,
			);
			path = Coordinators;
			sourceTree = "<group>";
		};
		EEBEA0DB290EE6AC0028CD9E /* Utility */ = {
			isa = PBXGroup;
			children = (
				EEBEA0DD290EF3220028CD9E /* LivePreview.swift */,
			);
			path = Utility;
			sourceTree = "<group>";
		};
		EEBEA0DC290EE6D50028CD9E /* App */ = {
			isa = PBXGroup;
			children = (
				EED5B2A6290E204500B56DE8 /* AppDelegate.swift */,
				EED5B2A8290E204500B56DE8 /* SceneDelegate.swift */,
				EED5B2AF290E204600B56DE8 /* Assets.xcassets */,
				EED51F6F290F486F0002F6F1 /* Commons */,
				EED5B2B1290E204600B56DE8 /* LaunchScreen.storyboard */,
			);
			path = App;
			sourceTree = "<group>";
		};
		EEBEA0DF290EF5130028CD9E /* Controller */ = {
			isa = PBXGroup;
			children = (
				EED51F79290F5A5E0002F6F1 /* HomeViewController.swift */,
			);
			path = Controller;
			sourceTree = "<group>";
		};
		EEBEA0E0290EF51F0028CD9E /* View */ = {
			isa = PBXGroup;
			children = (
				EED51F76290F4A7B0002F6F1 /* HomeUiView.swift */,
			);
			path = View;
			sourceTree = "<group>";
		};
		EED51F6F290F486F0002F6F1 /* Commons */ = {
			isa = PBXGroup;
			children = (
				EED51F70290F488C0002F6F1 /* BaseView.swift */,
				EED51F72290F48AF0002F6F1 /* CustomView.swift */,
			);
			path = Commons;
			sourceTree = "<group>";
		};
		EED5B29A290E204500B56DE8 = {
			isa = PBXGroup;
			children = (
				EED51F7F290F60BF0002F6F1 /* Questions.md */,
				EED5B2A5290E204500B56DE8 /* Movios */,
				EED5B2A4290E204500B56DE8 /* Products */,
			);
			sourceTree = "<group>";
		};
		EED5B2A4290E204500B56DE8 /* Products */ = {
			isa = PBXGroup;
			children = (
				EED5B2A3290E204500B56DE8 /* Movios.app */,
			);
			name = Products;
			sourceTree = "<group>";
		};
		EED5B2A5290E204500B56DE8 /* Movios */ = {
			isa = PBXGroup;
			children = (
				EEBEA0DC290EE6D50028CD9E /* App */,
				EEBEA0DB290EE6AC0028CD9E /* Utility */,
				EEBEA0D6290EE65E0028CD9E /* MVVM-C */,
				EED5B2B4290E204600B56DE8 /* Info.plist */,
			);
			path = Movios;
			sourceTree = "<group>";
		};
/* End PBXGroup section */

/* Begin PBXNativeTarget section */
		EED5B2A2290E204500B56DE8 /* Movios */ = {
			isa = PBXNativeTarget;
			buildConfigurationList = EED5B2B7290E204600B56DE8 /* Build configuration list for PBXNativeTarget "Movios" */;
			buildPhases = (
				EED5B29F290E204500B56DE8 /* Sources */,
				EED5B2A0290E204500B56DE8 /* Frameworks */,
				EED5B2A1290E204500B56DE8 /* Resources */,
				EED51F78290F58760002F6F1 /* SwiftLint */,
			);
			buildRules = (
			);
			dependencies = (
			);
			name = Movios;
			productName = Movios;
			productReference = EED5B2A3290E204500B56DE8 /* Movios.app */;
			productType = "com.apple.product-type.application";
		};
/* End PBXNativeTarget section */

/* Begin PBXProject section */
		EED5B29B290E204500B56DE8 /* Project object */ = {
			isa = PBXProject;
			attributes = {
				BuildIndependentTargetsInParallel = 1;
				LastSwiftUpdateCheck = 1400;
				LastUpgradeCheck = 1400;
				TargetAttributes = {
					EED5B2A2290E204500B56DE8 = {
						CreatedOnToolsVersion = 14.0.1;
					};
				};
			};
			buildConfigurationList = EED5B29E290E204500B56DE8 /* Build configuration list for PBXProject "Movios" */;
			compatibilityVersion = "Xcode 14.0";
			developmentRegion = en;
			hasScannedForEncodings = 0;
			knownRegions = (
				en,
				Base,
			);
			mainGroup = EED5B29A290E204500B56DE8;
			productRefGroup = EED5B2A4290E204500B56DE8 /* Products */;
			projectDirPath = "";
			projectRoot = "";
			targets = (
				EED5B2A2290E204500B56DE8 /* Movios */,
			);
		};
/* End PBXProject section */

/* Begin PBXResourcesBuildPhase section */
		EED5B2A1290E204500B56DE8 /* Resources */ = {
			isa = PBXResourcesBuildPhase;
			buildActionMask = 2147483647;
			files = (
				EED5B2B3290E204600B56DE8 /* LaunchScreen.storyboard in Resources */,
				EED5B2B0290E204600B56DE8 /* Assets.xcassets in Resources */,
			);
			runOnlyForDeploymentPostprocessing = 0;
		};
/* End PBXResourcesBuildPhase section */

/* Begin PBXShellScriptBuildPhase section */
		EED51F78290F58760002F6F1 /* SwiftLint */ = {
			isa = PBXShellScriptBuildPhase;
			buildActionMask = 2147483647;
			files = (
			);
			inputFileListPaths = (
			);
			inputPaths = (
			);
			name = SwiftLint;
			outputFileListPaths = (
			);
			outputPaths = (
			);
			runOnlyForDeploymentPostprocessing = 0;
			shellPath = /bin/zsh;
			shellScript = "# Type a script or drag a script file from your workspace to insert its path.\nexport PATH=\"$PATH:/opt/homebrew/bin\"\nif which swiftlint > /dev/null; then\n  swiftlint\nelse\n  echo \"warning: SwiftLint not installed, download from https://github.com/realm/SwiftLint\"\nfi\n";
		};
/* End PBXShellScriptBuildPhase section */

/* Begin PBXSourcesBuildPhase section */
		EED5B29F290E204500B56DE8 /* Sources */ = {
			isa = PBXSourcesBuildPhase;
			buildActionMask = 2147483647;
			files = (
				EED51F7C290F60070002F6F1 /* Coordinator.swift in Sources */,
				EED5B2A7290E204500B56DE8 /* AppDelegate.swift in Sources */,
				EED51F71290F488D0002F6F1 /* BaseView.swift in Sources */,
				EED51F7A290F5A5E0002F6F1 /* HomeViewController.swift in Sources */,
				EED51F73290F48AF0002F6F1 /* CustomView.swift in Sources */,
				EED51F77290F4A7B0002F6F1 /* HomeUiView.swift in Sources */,
				EEBEA0DE290EF3220028CD9E /* LivePreview.swift in Sources */,
				EED51F7E290F601F0002F6F1 /* MainCoordinator.swift in Sources */,
				EED5B2A9290E204500B56DE8 /* SceneDelegate.swift in Sources */,
			);
			runOnlyForDeploymentPostprocessing = 0;
		};
/* End PBXSourcesBuildPhase section */

/* Begin PBXVariantGroup section */
		EED5B2B1290E204600B56DE8 /* LaunchScreen.storyboard */ = {
			isa = PBXVariantGroup;
			children = (
				EED5B2B2290E204600B56DE8 /* Base */,
			);
			name = LaunchScreen.storyboard;
			sourceTree = "<group>";
		};
/* End PBXVariantGroup section */

/* Begin XCBuildConfiguration section */
		EED5B2B5290E204600B56DE8 /* Debug */ = {
			isa = XCBuildConfiguration;
			buildSettings = {
				ALWAYS_SEARCH_USER_PATHS = NO;
				CLANG_ANALYZER_NONNULL = YES;
				CLANG_ANALYZER_NUMBER_OBJECT_CONVERSION = YES_AGGRESSIVE;
				CLANG_CXX_LANGUAGE_STANDARD = "gnu++20";
				CLANG_ENABLE_MODULES = YES;
				CLANG_ENABLE_OBJC_ARC = YES;
				CLANG_ENABLE_OBJC_WEAK = YES;
				CLANG_WARN_BLOCK_CAPTURE_AUTORELEASING = YES;
				CLANG_WARN_BOOL_CONVERSION = YES;
				CLANG_WARN_COMMA = YES;
				CLANG_WARN_CONSTANT_CONVERSION = YES;
				CLANG_WARN_DEPRECATED_OBJC_IMPLEMENTATIONS = YES;
				CLANG_WARN_DIRECT_OBJC_ISA_USAGE = YES_ERROR;
				CLANG_WARN_DOCUMENTATION_COMMENTS = YES;
				CLANG_WARN_EMPTY_BODY = YES;
				CLANG_WARN_ENUM_CONVERSION = YES;
				CLANG_WARN_INFINITE_RECURSION = YES;
				CLANG_WARN_INT_CONVERSION = YES;
				CLANG_WARN_NON_LITERAL_NULL_CONVERSION = YES;
				CLANG_WARN_OBJC_IMPLICIT_RETAIN_SELF = YES;
				CLANG_WARN_OBJC_LITERAL_CONVERSION = YES;
				CLANG_WARN_OBJC_ROOT_CLASS = YES_ERROR;
				CLANG_WARN_QUOTED_INCLUDE_IN_FRAMEWORK_HEADER = YES;
				CLANG_WARN_RANGE_LOOP_ANALYSIS = YES;
				CLANG_WARN_STRICT_PROTOTYPES = YES;
				CLANG_WARN_SUSPICIOUS_MOVE = YES;
				CLANG_WARN_UNGUARDED_AVAILABILITY = YES_AGGRESSIVE;
				CLANG_WARN_UNREACHABLE_CODE = YES;
				CLANG_WARN__DUPLICATE_METHOD_MATCH = YES;
				COPY_PHASE_STRIP = NO;
				DEBUG_INFORMATION_FORMAT = dwarf;
				ENABLE_STRICT_OBJC_MSGSEND = YES;
				ENABLE_TESTABILITY = YES;
				GCC_C_LANGUAGE_STANDARD = gnu11;
				GCC_DYNAMIC_NO_PIC = NO;
				GCC_NO_COMMON_BLOCKS = YES;
				GCC_OPTIMIZATION_LEVEL = 0;
				GCC_PREPROCESSOR_DEFINITIONS = (
					"DEBUG=1",
					"$(inherited)",
				);
				GCC_WARN_64_TO_32_BIT_CONVERSION = YES;
				GCC_WARN_ABOUT_RETURN_TYPE = YES_ERROR;
				GCC_WARN_UNDECLARED_SELECTOR = YES;
				GCC_WARN_UNINITIALIZED_AUTOS = YES_AGGRESSIVE;
				GCC_WARN_UNUSED_FUNCTION = YES;
				GCC_WARN_UNUSED_VARIABLE = YES;
				IPHONEOS_DEPLOYMENT_TARGET = 16.0;
				MTL_ENABLE_DEBUG_INFO = INCLUDE_SOURCE;
				MTL_FAST_MATH = YES;
				ONLY_ACTIVE_ARCH = YES;
				SDKROOT = iphoneos;
				SWIFT_ACTIVE_COMPILATION_CONDITIONS = DEBUG;
				SWIFT_OPTIMIZATION_LEVEL = "-Onone";
			};
			name = Debug;
		};
		EED5B2B6290E204600B56DE8 /* Release */ = {
			isa = XCBuildConfiguration;
			buildSettings = {
				ALWAYS_SEARCH_USER_PATHS = NO;
				CLANG_ANALYZER_NONNULL = YES;
				CLANG_ANALYZER_NUMBER_OBJECT_CONVERSION = YES_AGGRESSIVE;
				CLANG_CXX_LANGUAGE_STANDARD = "gnu++20";
				CLANG_ENABLE_MODULES = YES;
				CLANG_ENABLE_OBJC_ARC = YES;
				CLANG_ENABLE_OBJC_WEAK = YES;
				CLANG_WARN_BLOCK_CAPTURE_AUTORELEASING = YES;
				CLANG_WARN_BOOL_CONVERSION = YES;
				CLANG_WARN_COMMA = YES;
				CLANG_WARN_CONSTANT_CONVERSION = YES;
				CLANG_WARN_DEPRECATED_OBJC_IMPLEMENTATIONS = YES;
				CLANG_WARN_DIRECT_OBJC_ISA_USAGE = YES_ERROR;
				CLANG_WARN_DOCUMENTATION_COMMENTS = YES;
				CLANG_WARN_EMPTY_BODY = YES;
				CLANG_WARN_ENUM_CONVERSION = YES;
				CLANG_WARN_INFINITE_RECURSION = YES;
				CLANG_WARN_INT_CONVERSION = YES;
				CLANG_WARN_NON_LITERAL_NULL_CONVERSION = YES;
				CLANG_WARN_OBJC_IMPLICIT_RETAIN_SELF = YES;
				CLANG_WARN_OBJC_LITERAL_CONVERSION = YES;
				CLANG_WARN_OBJC_ROOT_CLASS = YES_ERROR;
				CLANG_WARN_QUOTED_INCLUDE_IN_FRAMEWORK_HEADER = YES;
				CLANG_WARN_RANGE_LOOP_ANALYSIS = YES;
				CLANG_WARN_STRICT_PROTOTYPES = YES;
				CLANG_WARN_SUSPICIOUS_MOVE = YES;
				CLANG_WARN_UNGUARDED_AVAILABILITY = YES_AGGRESSIVE;
				CLANG_WARN_UNREACHABLE_CODE = YES;
				CLANG_WARN__DUPLICATE_METHOD_MATCH = YES;
				COPY_PHASE_STRIP = NO;
				DEBUG_INFORMATION_FORMAT = "dwarf-with-dsym";
				ENABLE_NS_ASSERTIONS = NO;
				ENABLE_STRICT_OBJC_MSGSEND = YES;
				GCC_C_LANGUAGE_STANDARD = gnu11;
				GCC_NO_COMMON_BLOCKS = YES;
				GCC_WARN_64_TO_32_BIT_CONVERSION = YES;
				GCC_WARN_ABOUT_RETURN_TYPE = YES_ERROR;
				GCC_WARN_UNDECLARED_SELECTOR = YES;
				GCC_WARN_UNINITIALIZED_AUTOS = YES_AGGRESSIVE;
				GCC_WARN_UNUSED_FUNCTION = YES;
				GCC_WARN_UNUSED_VARIABLE = YES;
				IPHONEOS_DEPLOYMENT_TARGET = 16.0;
				MTL_ENABLE_DEBUG_INFO = NO;
				MTL_FAST_MATH = YES;
				SDKROOT = iphoneos;
				SWIFT_COMPILATION_MODE = wholemodule;
				SWIFT_OPTIMIZATION_LEVEL = "-O";
				VALIDATE_PRODUCT = YES;
			};
			name = Release;
		};
		EED5B2B8290E204600B56DE8 /* Debug */ = {
			isa = XCBuildConfiguration;
			buildSettings = {
				ASSETCATALOG_COMPILER_APPICON_NAME = AppIcon;
				ASSETCATALOG_COMPILER_GLOBAL_ACCENT_COLOR_NAME = AccentColor;
				CODE_SIGN_STYLE = Automatic;
				CURRENT_PROJECT_VERSION = 1;
				DEVELOPMENT_TEAM = 9QASH6QZ2H;
				GENERATE_INFOPLIST_FILE = YES;
				INFOPLIST_FILE = Movios/Info.plist;
				INFOPLIST_KEY_UIApplicationSupportsIndirectInputEvents = YES;
				INFOPLIST_KEY_UILaunchStoryboardName = LaunchScreen;
				INFOPLIST_KEY_UISupportedInterfaceOrientations_iPad = "UIInterfaceOrientationPortrait UIInterfaceOrientationPortraitUpsideDown UIInterfaceOrientationLandscapeLeft UIInterfaceOrientationLandscapeRight";
				INFOPLIST_KEY_UISupportedInterfaceOrientations_iPhone = "UIInterfaceOrientationPortrait UIInterfaceOrientationLandscapeLeft UIInterfaceOrientationLandscapeRight";
				LD_RUNPATH_SEARCH_PATHS = (
					"$(inherited)",
					"@executable_path/Frameworks",
				);
				MARKETING_VERSION = 1.0;
				PRODUCT_BUNDLE_IDENTIFIER = com.williamSantos.Movios;
				PRODUCT_NAME = "$(TARGET_NAME)";
				SWIFT_EMIT_LOC_STRINGS = YES;
				SWIFT_VERSION = 5.0;
				TARGETED_DEVICE_FAMILY = "1,2";
			};
			name = Debug;
		};
		EED5B2B9290E204600B56DE8 /* Release */ = {
			isa = XCBuildConfiguration;
			buildSettings = {
				ASSETCATALOG_COMPILER_APPICON_NAME = AppIcon;
				ASSETCATALOG_COMPILER_GLOBAL_ACCENT_COLOR_NAME = AccentColor;
				CODE_SIGN_STYLE = Automatic;
				CURRENT_PROJECT_VERSION = 1;
				DEVELOPMENT_TEAM = 9QASH6QZ2H;
				GENERATE_INFOPLIST_FILE = YES;
				INFOPLIST_FILE = Movios/Info.plist;
				INFOPLIST_KEY_UIApplicationSupportsIndirectInputEvents = YES;
				INFOPLIST_KEY_UILaunchStoryboardName = LaunchScreen;
				INFOPLIST_KEY_UISupportedInterfaceOrientations_iPad = "UIInterfaceOrientationPortrait UIInterfaceOrientationPortraitUpsideDown UIInterfaceOrientationLandscapeLeft UIInterfaceOrientationLandscapeRight";
				INFOPLIST_KEY_UISupportedInterfaceOrientations_iPhone = "UIInterfaceOrientationPortrait UIInterfaceOrientationLandscapeLeft UIInterfaceOrientationLandscapeRight";
				LD_RUNPATH_SEARCH_PATHS = (
					"$(inherited)",
					"@executable_path/Frameworks",
				);
				MARKETING_VERSION = 1.0;
				PRODUCT_BUNDLE_IDENTIFIER = com.williamSantos.Movios;
				PRODUCT_NAME = "$(TARGET_NAME)";
				SWIFT_EMIT_LOC_STRINGS = YES;
				SWIFT_VERSION = 5.0;
				TARGETED_DEVICE_FAMILY = "1,2";
			};
			name = Release;
		};
/* End XCBuildConfiguration section */

/* Begin XCConfigurationList section */
		EED5B29E290E204500B56DE8 /* Build configuration list for PBXProject "Movios" */ = {
			isa = XCConfigurationList;
			buildConfigurations = (
				EED5B2B5290E204600B56DE8 /* Debug */,
				EED5B2B6290E204600B56DE8 /* Release */,
			);
			defaultConfigurationIsVisible = 0;
			defaultConfigurationName = Release;
		};
		EED5B2B7290E204600B56DE8 /* Build configuration list for PBXNativeTarget "Movios" */ = {
			isa = XCConfigurationList;
			buildConfigurations = (
				EED5B2B8290E204600B56DE8 /* Debug */,
				EED5B2B9290E204600B56DE8 /* Release */,
			);
			defaultConfigurationIsVisible = 0;
			defaultConfigurationName = Release;
		};
/* End XCConfigurationList section */
	};
	rootObject = EED5B29B290E204500B56DE8 /* Project object */;
}
