// !$*UTF8*$!
{
	archiveVersion = 1;
	classes = {
	};
	objectVersion = 56;
	objects = {

/* Begin PBXBuildFile section */
		EEBEA0C8290EDBC20028CD9E /* CategoriGridView.swift in Sources */ = {isa = PBXBuildFile; fileRef = EEBEA0C7290EDBC20028CD9E /* CategoriGridView.swift */; };
		EEBEA0CD290EDEEA0028CD9E /* Constants.swift in Sources */ = {isa = PBXBuildFile; fileRef = EEBEA0CC290EDEEA0028CD9E /* Constants.swift */; };
		EEBEA0CF290EDF350028CD9E /* CodeBundleExtetions.swift in Sources */ = {isa = PBXBuildFile; fileRef = EEBEA0CE290EDF350028CD9E /* CodeBundleExtetions.swift */; };
		EEBEA0D2290EDF9E0028CD9E /* CategoryModel.swift in Sources */ = {isa = PBXBuildFile; fileRef = EEBEA0D1290EDF9E0028CD9E /* CategoryModel.swift */; };
		EEBEA0D4290EE0550028CD9E /* CategoryItemView.swift in Sources */ = {isa = PBXBuildFile; fileRef = EEBEA0D3290EE0550028CD9E /* CategoryItemView.swift */; };
		EEBEA0D5290EE3350028CD9E /* category.json in Resources */ = {isa = PBXBuildFile; fileRef = EEBEA0CA290EDECE0028CD9E /* category.json */; };
		EED5B28D290E1FE800B56DE8 /* MoviosUiApp.swift in Sources */ = {isa = PBXBuildFile; fileRef = EED5B28C290E1FE800B56DE8 /* MoviosUiApp.swift */; };
		EED5B28F290E1FE800B56DE8 /* ContentView.swift in Sources */ = {isa = PBXBuildFile; fileRef = EED5B28E290E1FE800B56DE8 /* ContentView.swift */; };
		EED5B291290E1FE900B56DE8 /* Assets.xcassets in Resources */ = {isa = PBXBuildFile; fileRef = EED5B290290E1FE900B56DE8 /* Assets.xcassets */; };
		EED5B294290E1FE900B56DE8 /* Preview Assets.xcassets in Resources */ = {isa = PBXBuildFile; fileRef = EED5B293290E1FE900B56DE8 /* Preview Assets.xcassets */; };
		EED5B2BC290E2AC400B56DE8 /* HomeNavigationBarView.swift in Sources */ = {isa = PBXBuildFile; fileRef = EED5B2BB290E2AC400B56DE8 /* HomeNavigationBarView.swift */; };
		EED5B2BE290E31E500B56DE8 /* CarroseltemView.swift in Sources */ = {isa = PBXBuildFile; fileRef = EED5B2BD290E31E500B56DE8 /* CarroseltemView.swift */; };
		EED5B2C0290E32B100B56DE8 /* FeatureTableViewItem.swift in Sources */ = {isa = PBXBuildFile; fileRef = EED5B2BF290E32B100B56DE8 /* FeatureTableViewItem.swift */; };
/* End PBXBuildFile section */

/* Begin PBXFileReference section */
		EEBEA0C7290EDBC20028CD9E /* CategoriGridView.swift */ = {isa = PBXFileReference; lastKnownFileType = sourcecode.swift; path = CategoriGridView.swift; sourceTree = "<group>"; };
		EEBEA0CA290EDECE0028CD9E /* category.json */ = {isa = PBXFileReference; lastKnownFileType = text.json; path = category.json; sourceTree = "<group>"; };
		EEBEA0CC290EDEEA0028CD9E /* Constants.swift */ = {isa = PBXFileReference; lastKnownFileType = sourcecode.swift; path = Constants.swift; sourceTree = "<group>"; };
		EEBEA0CE290EDF350028CD9E /* CodeBundleExtetions.swift */ = {isa = PBXFileReference; lastKnownFileType = sourcecode.swift; path = CodeBundleExtetions.swift; sourceTree = "<group>"; };
		EEBEA0D1290EDF9E0028CD9E /* CategoryModel.swift */ = {isa = PBXFileReference; lastKnownFileType = sourcecode.swift; path = CategoryModel.swift; sourceTree = "<group>"; };
		EEBEA0D3290EE0550028CD9E /* CategoryItemView.swift */ = {isa = PBXFileReference; lastKnownFileType = sourcecode.swift; path = CategoryItemView.swift; sourceTree = "<group>"; };
		EED5B289290E1FE800B56DE8 /* MoviosUi.app */ = {isa = PBXFileReference; explicitFileType = wrapper.application; includeInIndex = 0; path = MoviosUi.app; sourceTree = BUILT_PRODUCTS_DIR; };
		EED5B28C290E1FE800B56DE8 /* MoviosUiApp.swift */ = {isa = PBXFileReference; lastKnownFileType = sourcecode.swift; path = MoviosUiApp.swift; sourceTree = "<group>"; };
		EED5B28E290E1FE800B56DE8 /* ContentView.swift */ = {isa = PBXFileReference; lastKnownFileType = sourcecode.swift; path = ContentView.swift; sourceTree = "<group>"; };
		EED5B290290E1FE900B56DE8 /* Assets.xcassets */ = {isa = PBXFileReference; lastKnownFileType = folder.assetcatalog; path = Assets.xcassets; sourceTree = "<group>"; };
		EED5B293290E1FE900B56DE8 /* Preview Assets.xcassets */ = {isa = PBXFileReference; lastKnownFileType = folder.assetcatalog; path = "Preview Assets.xcassets"; sourceTree = "<group>"; };
		EED5B2BB290E2AC400B56DE8 /* HomeNavigationBarView.swift */ = {isa = PBXFileReference; lastKnownFileType = sourcecode.swift; path = HomeNavigationBarView.swift; sourceTree = "<group>"; };
		EED5B2BD290E31E500B56DE8 /* CarroseltemView.swift */ = {isa = PBXFileReference; lastKnownFileType = sourcecode.swift; path = CarroseltemView.swift; sourceTree = "<group>"; };
		EED5B2BF290E32B100B56DE8 /* FeatureTableViewItem.swift */ = {isa = PBXFileReference; lastKnownFileType = sourcecode.swift; path = FeatureTableViewItem.swift; sourceTree = "<group>"; };
/* End PBXFileReference section */

/* Begin PBXFrameworksBuildPhase section */
		EED5B286290E1FE800B56DE8 /* Frameworks */ = {
			isa = PBXFrameworksBuildPhase;
			buildActionMask = 2147483647;
			files = (
			);
			runOnlyForDeploymentPostprocessing = 0;
		};
/* End PBXFrameworksBuildPhase section */

/* Begin PBXGroup section */
		EEBEA0C9290EDEC00028CD9E /* Data */ = {
			isa = PBXGroup;
			children = (
				EEBEA0CA290EDECE0028CD9E /* category.json */,
			);
			path = Data;
			sourceTree = "<group>";
		};
		EEBEA0CB290EDEDD0028CD9E /* Ultility */ = {
			isa = PBXGroup;
			children = (
				EEBEA0CC290EDEEA0028CD9E /* Constants.swift */,
				EEBEA0CE290EDF350028CD9E /* CodeBundleExtetions.swift */,
			);
			path = Ultility;
			sourceTree = "<group>";
		};
		EEBEA0D0290EDF8D0028CD9E /* Model */ = {
			isa = PBXGroup;
			children = (
				EEBEA0D1290EDF9E0028CD9E /* CategoryModel.swift */,
			);
			path = Model;
			sourceTree = "<group>";
		};
		EED5B280290E1FE800B56DE8 = {
			isa = PBXGroup;
			children = (
				EED5B28B290E1FE800B56DE8 /* MoviosUi */,
				EED5B28A290E1FE800B56DE8 /* Products */,
			);
			sourceTree = "<group>";
		};
		EED5B28A290E1FE800B56DE8 /* Products */ = {
			isa = PBXGroup;
			children = (
				EED5B289290E1FE800B56DE8 /* MoviosUi.app */,
			);
			name = Products;
			sourceTree = "<group>";
		};
		EED5B28B290E1FE800B56DE8 /* MoviosUi */ = {
			isa = PBXGroup;
			children = (
				EEBEA0D0290EDF8D0028CD9E /* Model */,
				EEBEA0CB290EDEDD0028CD9E /* Ultility */,
				EEBEA0C9290EDEC00028CD9E /* Data */,
				EED5B2BA290E2AA800B56DE8 /* Views */,
				EED5B28C290E1FE800B56DE8 /* MoviosUiApp.swift */,
				EED5B290290E1FE900B56DE8 /* Assets.xcassets */,
				EED5B292290E1FE900B56DE8 /* Preview Content */,
			);
			path = MoviosUi;
			sourceTree = "<group>";
		};
		EED5B292290E1FE900B56DE8 /* Preview Content */ = {
			isa = PBXGroup;
			children = (
				EED5B293290E1FE900B56DE8 /* Preview Assets.xcassets */,
			);
			path = "Preview Content";
			sourceTree = "<group>";
		};
		EED5B2BA290E2AA800B56DE8 /* Views */ = {
			isa = PBXGroup;
			children = (
				EED5B2BB290E2AC400B56DE8 /* HomeNavigationBarView.swift */,
				EED5B28E290E1FE800B56DE8 /* ContentView.swift */,
				EED5B2BD290E31E500B56DE8 /* CarroseltemView.swift */,
				EED5B2BF290E32B100B56DE8 /* FeatureTableViewItem.swift */,
				EEBEA0C7290EDBC20028CD9E /* CategoriGridView.swift */,
				EEBEA0D3290EE0550028CD9E /* CategoryItemView.swift */,
			);
			path = Views;
			sourceTree = "<group>";
		};
/* End PBXGroup section */

/* Begin PBXNativeTarget section */
		EED5B288290E1FE800B56DE8 /* MoviosUi */ = {
			isa = PBXNativeTarget;
			buildConfigurationList = EED5B297290E1FE900B56DE8 /* Build configuration list for PBXNativeTarget "MoviosUi" */;
			buildPhases = (
				EED5B285290E1FE800B56DE8 /* Sources */,
				EED5B286290E1FE800B56DE8 /* Frameworks */,
				EED5B287290E1FE800B56DE8 /* Resources */,
			);
			buildRules = (
			);
			dependencies = (
			);
			name = MoviosUi;
			productName = MoviosUi;
			productReference = EED5B289290E1FE800B56DE8 /* MoviosUi.app */;
			productType = "com.apple.product-type.application";
		};
/* End PBXNativeTarget section */

/* Begin PBXProject section */
		EED5B281290E1FE800B56DE8 /* Project object */ = {
			isa = PBXProject;
			attributes = {
				BuildIndependentTargetsInParallel = 1;
				LastSwiftUpdateCheck = 1400;
				LastUpgradeCheck = 1400;
				TargetAttributes = {
					EED5B288290E1FE800B56DE8 = {
						CreatedOnToolsVersion = 14.0.1;
					};
				};
			};
			buildConfigurationList = EED5B284290E1FE800B56DE8 /* Build configuration list for PBXProject "MoviosUi" */;
			compatibilityVersion = "Xcode 14.0";
			developmentRegion = en;
			hasScannedForEncodings = 0;
			knownRegions = (
				en,
				Base,
			);
			mainGroup = EED5B280290E1FE800B56DE8;
			productRefGroup = EED5B28A290E1FE800B56DE8 /* Products */;
			projectDirPath = "";
			projectRoot = "";
			targets = (
				EED5B288290E1FE800B56DE8 /* MoviosUi */,
			);
		};
/* End PBXProject section */

/* Begin PBXResourcesBuildPhase section */
		EED5B287290E1FE800B56DE8 /* Resources */ = {
			isa = PBXResourcesBuildPhase;
			buildActionMask = 2147483647;
			files = (
				EEBEA0D5290EE3350028CD9E /* category.json in Resources */,
				EED5B294290E1FE900B56DE8 /* Preview Assets.xcassets in Resources */,
				EED5B291290E1FE900B56DE8 /* Assets.xcassets in Resources */,
			);
			runOnlyForDeploymentPostprocessing = 0;
		};
/* End PBXResourcesBuildPhase section */

/* Begin PBXSourcesBuildPhase section */
		EED5B285290E1FE800B56DE8 /* Sources */ = {
			isa = PBXSourcesBuildPhase;
			buildActionMask = 2147483647;
			files = (
				EED5B2BE290E31E500B56DE8 /* CarroseltemView.swift in Sources */,
				EED5B28F290E1FE800B56DE8 /* ContentView.swift in Sources */,
				EEBEA0C8290EDBC20028CD9E /* CategoriGridView.swift in Sources */,
				EED5B2C0290E32B100B56DE8 /* FeatureTableViewItem.swift in Sources */,
				EEBEA0CF290EDF350028CD9E /* CodeBundleExtetions.swift in Sources */,
				EEBEA0D4290EE0550028CD9E /* CategoryItemView.swift in Sources */,
				EEBEA0CD290EDEEA0028CD9E /* Constants.swift in Sources */,
				EED5B2BC290E2AC400B56DE8 /* HomeNavigationBarView.swift in Sources */,
				EEBEA0D2290EDF9E0028CD9E /* CategoryModel.swift in Sources */,
				EED5B28D290E1FE800B56DE8 /* MoviosUiApp.swift in Sources */,
			);
			runOnlyForDeploymentPostprocessing = 0;
		};
/* End PBXSourcesBuildPhase section */

/* Begin XCBuildConfiguration section */
		EED5B295290E1FE900B56DE8 /* Debug */ = {
			isa = XCBuildConfiguration;
			buildSettings = {
				ALWAYS_SEARCH_USER_PATHS = NO;
				CLANG_ANALYZER_NONNULL = YES;
				CLANG_ANALYZER_NUMBER_OBJECT_CONVERSION = YES_AGGRESSIVE;
				CLANG_CXX_LANGUAGE_STANDARD = "gnu++20";
				CLANG_ENABLE_MODULES = YES;
				CLANG_ENABLE_OBJC_ARC = YES;
				CLANG_ENABLE_OBJC_WEAK = YES;
				CLANG_WARN_BLOCK_CAPTURE_AUTORELEASING = YES;
				CLANG_WARN_BOOL_CONVERSION = YES;
				CLANG_WARN_COMMA = YES;
				CLANG_WARN_CONSTANT_CONVERSION = YES;
				CLANG_WARN_DEPRECATED_OBJC_IMPLEMENTATIONS = YES;
				CLANG_WARN_DIRECT_OBJC_ISA_USAGE = YES_ERROR;
				CLANG_WARN_DOCUMENTATION_COMMENTS = YES;
				CLANG_WARN_EMPTY_BODY = YES;
				CLANG_WARN_ENUM_CONVERSION = YES;
				CLANG_WARN_INFINITE_RECURSION = YES;
				CLANG_WARN_INT_CONVERSION = YES;
				CLANG_WARN_NON_LITERAL_NULL_CONVERSION = YES;
				CLANG_WARN_OBJC_IMPLICIT_RETAIN_SELF = YES;
				CLANG_WARN_OBJC_LITERAL_CONVERSION = YES;
				CLANG_WARN_OBJC_ROOT_CLASS = YES_ERROR;
				CLANG_WARN_QUOTED_INCLUDE_IN_FRAMEWORK_HEADER = YES;
				CLANG_WARN_RANGE_LOOP_ANALYSIS = YES;
				CLANG_WARN_STRICT_PROTOTYPES = YES;
				CLANG_WARN_SUSPICIOUS_MOVE = YES;
				CLANG_WARN_UNGUARDED_AVAILABILITY = YES_AGGRESSIVE;
				CLANG_WARN_UNREACHABLE_CODE = YES;
				CLANG_WARN__DUPLICATE_METHOD_MATCH = YES;
				COPY_PHASE_STRIP = NO;
				DEBUG_INFORMATION_FORMAT = dwarf;
				ENABLE_STRICT_OBJC_MSGSEND = YES;
				ENABLE_TESTABILITY = YES;
				GCC_C_LANGUAGE_STANDARD = gnu11;
				GCC_DYNAMIC_NO_PIC = NO;
				GCC_NO_COMMON_BLOCKS = YES;
				GCC_OPTIMIZATION_LEVEL = 0;
				GCC_PREPROCESSOR_DEFINITIONS = (
					"DEBUG=1",
					"$(inherited)",
				);
				GCC_WARN_64_TO_32_BIT_CONVERSION = YES;
				GCC_WARN_ABOUT_RETURN_TYPE = YES_ERROR;
				GCC_WARN_UNDECLARED_SELECTOR = YES;
				GCC_WARN_UNINITIALIZED_AUTOS = YES_AGGRESSIVE;
				GCC_WARN_UNUSED_FUNCTION = YES;
				GCC_WARN_UNUSED_VARIABLE = YES;
				IPHONEOS_DEPLOYMENT_TARGET = 16.0;
				MTL_ENABLE_DEBUG_INFO = INCLUDE_SOURCE;
				MTL_FAST_MATH = YES;
				ONLY_ACTIVE_ARCH = YES;
				SDKROOT = iphoneos;
				SWIFT_ACTIVE_COMPILATION_CONDITIONS = DEBUG;
				SWIFT_OPTIMIZATION_LEVEL = "-Onone";
			};
			name = Debug;
		};
		EED5B296290E1FE900B56DE8 /* Release */ = {
			isa = XCBuildConfiguration;
			buildSettings = {
				ALWAYS_SEARCH_USER_PATHS = NO;
				CLANG_ANALYZER_NONNULL = YES;
				CLANG_ANALYZER_NUMBER_OBJECT_CONVERSION = YES_AGGRESSIVE;
				CLANG_CXX_LANGUAGE_STANDARD = "gnu++20";
				CLANG_ENABLE_MODULES = YES;
				CLANG_ENABLE_OBJC_ARC = YES;
				CLANG_ENABLE_OBJC_WEAK = YES;
				CLANG_WARN_BLOCK_CAPTURE_AUTORELEASING = YES;
				CLANG_WARN_BOOL_CONVERSION = YES;
				CLANG_WARN_COMMA = YES;
				CLANG_WARN_CONSTANT_CONVERSION = YES;
				CLANG_WARN_DEPRECATED_OBJC_IMPLEMENTATIONS = YES;
				CLANG_WARN_DIRECT_OBJC_ISA_USAGE = YES_ERROR;
				CLANG_WARN_DOCUMENTATION_COMMENTS = YES;
				CLANG_WARN_EMPTY_BODY = YES;
				CLANG_WARN_ENUM_CONVERSION = YES;
				CLANG_WARN_INFINITE_RECURSION = YES;
				CLANG_WARN_INT_CONVERSION = YES;
				CLANG_WARN_NON_LITERAL_NULL_CONVERSION = YES;
				CLANG_WARN_OBJC_IMPLICIT_RETAIN_SELF = YES;
				CLANG_WARN_OBJC_LITERAL_CONVERSION = YES;
				CLANG_WARN_OBJC_ROOT_CLASS = YES_ERROR;
				CLANG_WARN_QUOTED_INCLUDE_IN_FRAMEWORK_HEADER = YES;
				CLANG_WARN_RANGE_LOOP_ANALYSIS = YES;
				CLANG_WARN_STRICT_PROTOTYPES = YES;
				CLANG_WARN_SUSPICIOUS_MOVE = YES;
				CLANG_WARN_UNGUARDED_AVAILABILITY = YES_AGGRESSIVE;
				CLANG_WARN_UNREACHABLE_CODE = YES;
				CLANG_WARN__DUPLICATE_METHOD_MATCH = YES;
				COPY_PHASE_STRIP = NO;
				DEBUG_INFORMATION_FORMAT = "dwarf-with-dsym";
				ENABLE_NS_ASSERTIONS = NO;
				ENABLE_STRICT_OBJC_MSGSEND = YES;
				GCC_C_LANGUAGE_STANDARD = gnu11;
				GCC_NO_COMMON_BLOCKS = YES;
				GCC_WARN_64_TO_32_BIT_CONVERSION = YES;
				GCC_WARN_ABOUT_RETURN_TYPE = YES_ERROR;
				GCC_WARN_UNDECLARED_SELECTOR = YES;
				GCC_WARN_UNINITIALIZED_AUTOS = YES_AGGRESSIVE;
				GCC_WARN_UNUSED_FUNCTION = YES;
				GCC_WARN_UNUSED_VARIABLE = YES;
				IPHONEOS_DEPLOYMENT_TARGET = 16.0;
				MTL_ENABLE_DEBUG_INFO = NO;
				MTL_FAST_MATH = YES;
				SDKROOT = iphoneos;
				SWIFT_COMPILATION_MODE = wholemodule;
				SWIFT_OPTIMIZATION_LEVEL = "-O";
				VALIDATE_PRODUCT = YES;
			};
			name = Release;
		};
		EED5B298290E1FE900B56DE8 /* Debug */ = {
			isa = XCBuildConfiguration;
			buildSettings = {
				ASSETCATALOG_COMPILER_APPICON_NAME = AppIcon;
				ASSETCATALOG_COMPILER_GLOBAL_ACCENT_COLOR_NAME = AccentColor;
				CODE_SIGN_STYLE = Automatic;
				CURRENT_PROJECT_VERSION = 1;
				DEVELOPMENT_ASSET_PATHS = "\"MoviosUi/Preview Content\"";
				DEVELOPMENT_TEAM = 9QASH6QZ2H;
				ENABLE_PREVIEWS = YES;
				GENERATE_INFOPLIST_FILE = YES;
				INFOPLIST_KEY_UIApplicationSceneManifest_Generation = YES;
				INFOPLIST_KEY_UIApplicationSupportsIndirectInputEvents = YES;
				INFOPLIST_KEY_UILaunchScreen_Generation = YES;
				INFOPLIST_KEY_UISupportedInterfaceOrientations_iPad = "UIInterfaceOrientationPortrait UIInterfaceOrientationPortraitUpsideDown UIInterfaceOrientationLandscapeLeft UIInterfaceOrientationLandscapeRight";
				INFOPLIST_KEY_UISupportedInterfaceOrientations_iPhone = "UIInterfaceOrientationPortrait UIInterfaceOrientationLandscapeLeft UIInterfaceOrientationLandscapeRight";
				LD_RUNPATH_SEARCH_PATHS = (
					"$(inherited)",
					"@executable_path/Frameworks",
				);
				MARKETING_VERSION = 1.0;
				PRODUCT_BUNDLE_IDENTIFIER = com.williamSantos.MoviosUi;
				PRODUCT_NAME = "$(TARGET_NAME)";
				SWIFT_EMIT_LOC_STRINGS = YES;
				SWIFT_VERSION = 5.0;
				TARGETED_DEVICE_FAMILY = "1,2";
			};
			name = Debug;
		};
		EED5B299290E1FE900B56DE8 /* Release */ = {
			isa = XCBuildConfiguration;
			buildSettings = {
				ASSETCATALOG_COMPILER_APPICON_NAME = AppIcon;
				ASSETCATALOG_COMPILER_GLOBAL_ACCENT_COLOR_NAME = AccentColor;
				CODE_SIGN_STYLE = Automatic;
				CURRENT_PROJECT_VERSION = 1;
				DEVELOPMENT_ASSET_PATHS = "\"MoviosUi/Preview Content\"";
				DEVELOPMENT_TEAM = 9QASH6QZ2H;
				ENABLE_PREVIEWS = YES;
				GENERATE_INFOPLIST_FILE = YES;
				INFOPLIST_KEY_UIApplicationSceneManifest_Generation = YES;
				INFOPLIST_KEY_UIApplicationSupportsIndirectInputEvents = YES;
				INFOPLIST_KEY_UILaunchScreen_Generation = YES;
				INFOPLIST_KEY_UISupportedInterfaceOrientations_iPad = "UIInterfaceOrientationPortrait UIInterfaceOrientationPortraitUpsideDown UIInterfaceOrientationLandscapeLeft UIInterfaceOrientationLandscapeRight";
				INFOPLIST_KEY_UISupportedInterfaceOrientations_iPhone = "UIInterfaceOrientationPortrait UIInterfaceOrientationLandscapeLeft UIInterfaceOrientationLandscapeRight";
				LD_RUNPATH_SEARCH_PATHS = (
					"$(inherited)",
					"@executable_path/Frameworks",
				);
				MARKETING_VERSION = 1.0;
				PRODUCT_BUNDLE_IDENTIFIER = com.williamSantos.MoviosUi;
				PRODUCT_NAME = "$(TARGET_NAME)";
				SWIFT_EMIT_LOC_STRINGS = YES;
				SWIFT_VERSION = 5.0;
				TARGETED_DEVICE_FAMILY = "1,2";
			};
			name = Release;
		};
/* End XCBuildConfiguration section */

/* Begin XCConfigurationList section */
		EED5B284290E1FE800B56DE8 /* Build configuration list for PBXProject "MoviosUi" */ = {
			isa = XCConfigurationList;
			buildConfigurations = (
				EED5B295290E1FE900B56DE8 /* Debug */,
				EED5B296290E1FE900B56DE8 /* Release */,
			);
			defaultConfigurationIsVisible = 0;
			defaultConfigurationName = Release;
		};
		EED5B297290E1FE900B56DE8 /* Build configuration list for PBXNativeTarget "MoviosUi" */ = {
			isa = XCConfigurationList;
			buildConfigurations = (
				EED5B298290E1FE900B56DE8 /* Debug */,
				EED5B299290E1FE900B56DE8 /* Release */,
			);
			defaultConfigurationIsVisible = 0;
			defaultConfigurationName = Release;
		};
/* End XCConfigurationList section */
	};
	rootObject = EED5B281290E1FE800B56DE8 /* Project object */;
}
